// !$*UTF8*$!
{
	archiveVersion = 1;
	classes = {
	};
	objectVersion = 51;
	objects = {

/* Begin PBXBuildFile section */
		4F1FB04E22A83BA600B1FF2D /* AppDelegate.swift in Sources */ = {isa = PBXBuildFile; fileRef = 4F1FB04D22A83BA600B1FF2D /* AppDelegate.swift */; };
		4F1FB05022A83BA600B1FF2D /* DataOverviewViewController.swift in Sources */ = {isa = PBXBuildFile; fileRef = 4F1FB04F22A83BA600B1FF2D /* DataOverviewViewController.swift */; };
		4F1FB05322A83BA600B1FF2D /* Main.storyboard in Resources */ = {isa = PBXBuildFile; fileRef = 4F1FB05122A83BA600B1FF2D /* Main.storyboard */; };
		4F1FB05522A83BA700B1FF2D /* Assets.xcassets in Resources */ = {isa = PBXBuildFile; fileRef = 4F1FB05422A83BA700B1FF2D /* Assets.xcassets */; };
		4F1FB05822A83BA700B1FF2D /* LaunchScreen.storyboard in Resources */ = {isa = PBXBuildFile; fileRef = 4F1FB05622A83BA700B1FF2D /* LaunchScreen.storyboard */; };
		4F1FB06022A847D800B1FF2D /* MenuTableViewController.swift in Sources */ = {isa = PBXBuildFile; fileRef = 4F1FB05F22A847D800B1FF2D /* MenuTableViewController.swift */; };
		4F1FB06822A84F3B00B1FF2D /* QRCodeScannerViewController.swift in Sources */ = {isa = PBXBuildFile; fileRef = 4F1FB06722A84F3B00B1FF2D /* QRCodeScannerViewController.swift */; };
		4F1FB06A22A85CF200B1FF2D /* SharingViewController.swift in Sources */ = {isa = PBXBuildFile; fileRef = 4F1FB06922A85CF200B1FF2D /* SharingViewController.swift */; };
		4F1FB07022A85D5600B1FF2D /* HistoryViewController.swift in Sources */ = {isa = PBXBuildFile; fileRef = 4F1FB06F22A85D5600B1FF2D /* HistoryViewController.swift */; };
		4F1FB07322A87A3C00B1FF2D /* DataSharingRequestViewController.swift in Sources */ = {isa = PBXBuildFile; fileRef = 4F1FB07222A87A3C00B1FF2D /* DataSharingRequestViewController.swift */; };
		4F1FB07722A8842F00B1FF2D /* UIViewController+Extensions.swift in Sources */ = {isa = PBXBuildFile; fileRef = 4F1FB07622A8842F00B1FF2D /* UIViewController+Extensions.swift */; };
		4FE7AA4922A8D71700F47373 /* DBHandler.swift in Sources */ = {isa = PBXBuildFile; fileRef = 4FE7AA4722A8D71700F47373 /* DBHandler.swift */; };
		4FE7AA4A22A8D71700F47373 /* HeathData.swift in Sources */ = {isa = PBXBuildFile; fileRef = 4FE7AA4822A8D71700F47373 /* HeathData.swift */; };
		4FE7AA4C22A8D80900F47373 /* SharingEvent.swift in Sources */ = {isa = PBXBuildFile; fileRef = 4FE7AA4B22A8D80900F47373 /* SharingEvent.swift */; };
		4FE7AA5022A8DF1800F47373 /* SharingEventCell.swift in Sources */ = {isa = PBXBuildFile; fileRef = 4FE7AA4F22A8DF1800F47373 /* SharingEventCell.swift */; };
		8A3B0D89C10FAFA0705443E4 /* Pods_patient_app.framework in Frameworks */ = {isa = PBXBuildFile; fileRef = CB1A66AFFD7D0131C0CEF220 /* Pods_patient_app.framework */; };
/* End PBXBuildFile section */

/* Begin PBXFileReference section */
		4F1FB04A22A83BA600B1FF2D /* patient-app.app */ = {isa = PBXFileReference; explicitFileType = wrapper.application; includeInIndex = 0; path = "patient-app.app"; sourceTree = BUILT_PRODUCTS_DIR; };
		4F1FB04D22A83BA600B1FF2D /* AppDelegate.swift */ = {isa = PBXFileReference; lastKnownFileType = sourcecode.swift; path = AppDelegate.swift; sourceTree = "<group>"; };
		4F1FB04F22A83BA600B1FF2D /* DataOverviewViewController.swift */ = {isa = PBXFileReference; lastKnownFileType = sourcecode.swift; path = DataOverviewViewController.swift; sourceTree = "<group>"; };
		4F1FB05222A83BA600B1FF2D /* Base */ = {isa = PBXFileReference; lastKnownFileType = file.storyboard; name = Base; path = Base.lproj/Main.storyboard; sourceTree = "<group>"; };
		4F1FB05422A83BA700B1FF2D /* Assets.xcassets */ = {isa = PBXFileReference; lastKnownFileType = folder.assetcatalog; path = Assets.xcassets; sourceTree = "<group>"; };
		4F1FB05722A83BA700B1FF2D /* Base */ = {isa = PBXFileReference; lastKnownFileType = file.storyboard; name = Base; path = Base.lproj/LaunchScreen.storyboard; sourceTree = "<group>"; };
		4F1FB05922A83BA700B1FF2D /* Info.plist */ = {isa = PBXFileReference; lastKnownFileType = text.plist.xml; path = Info.plist; sourceTree = "<group>"; };
		4F1FB05F22A847D800B1FF2D /* MenuTableViewController.swift */ = {isa = PBXFileReference; lastKnownFileType = sourcecode.swift; path = MenuTableViewController.swift; sourceTree = "<group>"; };
		4F1FB06722A84F3B00B1FF2D /* QRCodeScannerViewController.swift */ = {isa = PBXFileReference; lastKnownFileType = sourcecode.swift; path = QRCodeScannerViewController.swift; sourceTree = "<group>"; };
		4F1FB06922A85CF200B1FF2D /* SharingViewController.swift */ = {isa = PBXFileReference; lastKnownFileType = sourcecode.swift; path = SharingViewController.swift; sourceTree = "<group>"; };
		4F1FB06F22A85D5600B1FF2D /* HistoryViewController.swift */ = {isa = PBXFileReference; lastKnownFileType = sourcecode.swift; path = HistoryViewController.swift; sourceTree = "<group>"; };
		4F1FB07222A87A3C00B1FF2D /* DataSharingRequestViewController.swift */ = {isa = PBXFileReference; lastKnownFileType = sourcecode.swift; path = DataSharingRequestViewController.swift; sourceTree = "<group>"; };
		4F1FB07622A8842F00B1FF2D /* UIViewController+Extensions.swift */ = {isa = PBXFileReference; fileEncoding = 4; lastKnownFileType = sourcecode.swift; path = "UIViewController+Extensions.swift"; sourceTree = "<group>"; };
		4FE7AA4722A8D71700F47373 /* DBHandler.swift */ = {isa = PBXFileReference; fileEncoding = 4; lastKnownFileType = sourcecode.swift; path = DBHandler.swift; sourceTree = "<group>"; };
		4FE7AA4822A8D71700F47373 /* HeathData.swift */ = {isa = PBXFileReference; fileEncoding = 4; lastKnownFileType = sourcecode.swift; path = HeathData.swift; sourceTree = "<group>"; };
		4FE7AA4B22A8D80900F47373 /* SharingEvent.swift */ = {isa = PBXFileReference; lastKnownFileType = sourcecode.swift; path = SharingEvent.swift; sourceTree = "<group>"; };
		4FE7AA4F22A8DF1800F47373 /* SharingEventCell.swift */ = {isa = PBXFileReference; lastKnownFileType = sourcecode.swift; path = SharingEventCell.swift; sourceTree = "<group>"; };
		624CF34F2BE15D6D95075EA9 /* Pods-patient-app.release.xcconfig */ = {isa = PBXFileReference; includeInIndex = 1; lastKnownFileType = text.xcconfig; name = "Pods-patient-app.release.xcconfig"; path = "Target Support Files/Pods-patient-app/Pods-patient-app.release.xcconfig"; sourceTree = "<group>"; };
		B490E18BE030FC3EDC574288 /* Pods-patient-app.debug.xcconfig */ = {isa = PBXFileReference; includeInIndex = 1; lastKnownFileType = text.xcconfig; name = "Pods-patient-app.debug.xcconfig"; path = "Target Support Files/Pods-patient-app/Pods-patient-app.debug.xcconfig"; sourceTree = "<group>"; };
		CB1A66AFFD7D0131C0CEF220 /* Pods_patient_app.framework */ = {isa = PBXFileReference; explicitFileType = wrapper.framework; includeInIndex = 0; path = Pods_patient_app.framework; sourceTree = BUILT_PRODUCTS_DIR; };
/* End PBXFileReference section */

/* Begin PBXFrameworksBuildPhase section */
		4F1FB04722A83BA600B1FF2D /* Frameworks */ = {
			isa = PBXFrameworksBuildPhase;
			buildActionMask = 2147483647;
			files = (
				8A3B0D89C10FAFA0705443E4 /* Pods_patient_app.framework in Frameworks */,
			);
			runOnlyForDeploymentPostprocessing = 0;
		};
/* End PBXFrameworksBuildPhase section */

/* Begin PBXGroup section */
		4F1FB04122A83BA600B1FF2D = {
			isa = PBXGroup;
			children = (
				4F1FB04C22A83BA600B1FF2D /* patient-app */,
				4F1FB04B22A83BA600B1FF2D /* Products */,
				A986D6773B8B2F44A0230F16 /* Pods */,
				4F85837CC4C827909B112534 /* Frameworks */,
			);
			sourceTree = "<group>";
		};
		4F1FB04B22A83BA600B1FF2D /* Products */ = {
			isa = PBXGroup;
			children = (
				4F1FB04A22A83BA600B1FF2D /* patient-app.app */,
			);
			name = Products;
			sourceTree = "<group>";
		};
		4F1FB04C22A83BA600B1FF2D /* patient-app */ = {
			isa = PBXGroup;
			children = (
				4F1FB05122A83BA600B1FF2D /* Main.storyboard */,
				4F1FB04D22A83BA600B1FF2D /* AppDelegate.swift */,
				4F1FB07122A85D6F00B1FF2D /* Main */,
				4F1FB07422A87A4400B1FF2D /* DataRequest */,
				4F1FB06322A84CE300B1FF2D /* Menu */,
				4F1FB06422A84EDD00B1FF2D /* QRCodeScanner */,
				4F1FB06222A84CCF00B1FF2D /* Resources */,
				4FE7AA4622A8D71700F47373 /* Persistence */,
				4F1FB07522A8842F00B1FF2D /* Extensions */,
				4F1FB05922A83BA700B1FF2D /* Info.plist */,
			);
			path = "patient-app";
			sourceTree = "<group>";
		};
		4F1FB06122A84CBA00B1FF2D /* HealthData */ = {
			isa = PBXGroup;
			children = (
				4F1FB04F22A83BA600B1FF2D /* DataOverviewViewController.swift */,
			);
			path = HealthData;
			sourceTree = "<group>";
		};
		4F1FB06222A84CCF00B1FF2D /* Resources */ = {
			isa = PBXGroup;
			children = (
				4F1FB05422A83BA700B1FF2D /* Assets.xcassets */,
				4F1FB05622A83BA700B1FF2D /* LaunchScreen.storyboard */,
			);
			path = Resources;
			sourceTree = "<group>";
		};
		4F1FB06322A84CE300B1FF2D /* Menu */ = {
			isa = PBXGroup;
			children = (
				4F1FB05F22A847D800B1FF2D /* MenuTableViewController.swift */,
			);
			path = Menu;
			sourceTree = "<group>";
		};
		4F1FB06422A84EDD00B1FF2D /* QRCodeScanner */ = {
			isa = PBXGroup;
			children = (
				4F1FB06722A84F3B00B1FF2D /* QRCodeScannerViewController.swift */,
			);
			path = QRCodeScanner;
			sourceTree = "<group>";
		};
		4F1FB06B22A85CFE00B1FF2D /* Sharing */ = {
			isa = PBXGroup;
			children = (
				4F1FB06922A85CF200B1FF2D /* SharingViewController.swift */,
				4FE7AA4F22A8DF1800F47373 /* SharingEventCell.swift */,
			);
			path = Sharing;
			sourceTree = "<group>";
		};
		4F1FB06E22A85D3A00B1FF2D /* History */ = {
			isa = PBXGroup;
			children = (
				4F1FB06F22A85D5600B1FF2D /* HistoryViewController.swift */,
			);
			path = History;
			sourceTree = "<group>";
		};
		4F1FB07122A85D6F00B1FF2D /* Main */ = {
			isa = PBXGroup;
			children = (
				4F1FB06122A84CBA00B1FF2D /* HealthData */,
				4F1FB06B22A85CFE00B1FF2D /* Sharing */,
				4F1FB06E22A85D3A00B1FF2D /* History */,
			);
			path = Main;
			sourceTree = "<group>";
		};
		4F1FB07422A87A4400B1FF2D /* DataRequest */ = {
			isa = PBXGroup;
			children = (
				4F1FB07222A87A3C00B1FF2D /* DataSharingRequestViewController.swift */,
			);
			path = DataRequest;
			sourceTree = "<group>";
		};
		4F1FB07522A8842F00B1FF2D /* Extensions */ = {
			isa = PBXGroup;
			children = (
				4F1FB07622A8842F00B1FF2D /* UIViewController+Extensions.swift */,
			);
			path = Extensions;
			sourceTree = "<group>";
		};
		4F85837CC4C827909B112534 /* Frameworks */ = {
			isa = PBXGroup;
			children = (
				CB1A66AFFD7D0131C0CEF220 /* Pods_patient_app.framework */,
			);
			name = Frameworks;
			sourceTree = "<group>";
		};
		4FE7AA4622A8D71700F47373 /* Persistence */ = {
			isa = PBXGroup;
			children = (
				4FE7AA4722A8D71700F47373 /* DBHandler.swift */,
				4FE7AA4822A8D71700F47373 /* HeathData.swift */,
				4FE7AA4B22A8D80900F47373 /* SharingEvent.swift */,
			);
			path = Persistence;
			sourceTree = "<group>";
		};
		A986D6773B8B2F44A0230F16 /* Pods */ = {
			isa = PBXGroup;
			children = (
				B490E18BE030FC3EDC574288 /* Pods-patient-app.debug.xcconfig */,
				624CF34F2BE15D6D95075EA9 /* Pods-patient-app.release.xcconfig */,
			);
			path = Pods;
			sourceTree = "<group>";
		};
/* End PBXGroup section */

/* Begin PBXNativeTarget section */
		4F1FB04922A83BA600B1FF2D /* patient-app */ = {
			isa = PBXNativeTarget;
			buildConfigurationList = 4F1FB05C22A83BA700B1FF2D /* Build configuration list for PBXNativeTarget "patient-app" */;
			buildPhases = (
				1A17BB5B5FCD37AB29539FBA /* [CP] Check Pods Manifest.lock */,
				4F1FB04622A83BA600B1FF2D /* Sources */,
				4F1FB04722A83BA600B1FF2D /* Frameworks */,
				4F1FB04822A83BA600B1FF2D /* Resources */,
				1C4A0961627A4DBEF7091B04 /* [CP] Embed Pods Frameworks */,
			);
			buildRules = (
			);
			dependencies = (
			);
			name = "patient-app";
			productName = "patient-app";
			productReference = 4F1FB04A22A83BA600B1FF2D /* patient-app.app */;
			productType = "com.apple.product-type.application";
		};
/* End PBXNativeTarget section */

/* Begin PBXProject section */
		4F1FB04222A83BA600B1FF2D /* Project object */ = {
			isa = PBXProject;
			attributes = {
				LastSwiftUpdateCheck = 1020;
				LastUpgradeCheck = 1020;
				ORGANIZATIONNAME = "Elliott Brunet";
				TargetAttributes = {
					4F1FB04922A83BA600B1FF2D = {
						CreatedOnToolsVersion = 10.2.1;
					};
				};
			};
			buildConfigurationList = 4F1FB04522A83BA600B1FF2D /* Build configuration list for PBXProject "patient-app" */;
			compatibilityVersion = "Xcode 9.3";
			developmentRegion = en;
			hasScannedForEncodings = 0;
			knownRegions = (
				en,
				Base,
			);
			mainGroup = 4F1FB04122A83BA600B1FF2D;
			productRefGroup = 4F1FB04B22A83BA600B1FF2D /* Products */;
			projectDirPath = "";
			projectRoot = "";
			targets = (
				4F1FB04922A83BA600B1FF2D /* patient-app */,
			);
		};
/* End PBXProject section */

/* Begin PBXResourcesBuildPhase section */
		4F1FB04822A83BA600B1FF2D /* Resources */ = {
			isa = PBXResourcesBuildPhase;
			buildActionMask = 2147483647;
			files = (
				4F1FB05822A83BA700B1FF2D /* LaunchScreen.storyboard in Resources */,
				4F1FB05522A83BA700B1FF2D /* Assets.xcassets in Resources */,
				4F1FB05322A83BA600B1FF2D /* Main.storyboard in Resources */,
			);
			runOnlyForDeploymentPostprocessing = 0;
		};
/* End PBXResourcesBuildPhase section */

/* Begin PBXShellScriptBuildPhase section */
		1A17BB5B5FCD37AB29539FBA /* [CP] Check Pods Manifest.lock */ = {
			isa = PBXShellScriptBuildPhase;
			buildActionMask = 2147483647;
			files = (
			);
			inputFileListPaths = (
			);
			inputPaths = (
				"${PODS_PODFILE_DIR_PATH}/Podfile.lock",
				"${PODS_ROOT}/Manifest.lock",
			);
			name = "[CP] Check Pods Manifest.lock";
			outputFileListPaths = (
			);
			outputPaths = (
				"$(DERIVED_FILE_DIR)/Pods-patient-app-checkManifestLockResult.txt",
			);
			runOnlyForDeploymentPostprocessing = 0;
			shellPath = /bin/sh;
			shellScript = "diff \"${PODS_PODFILE_DIR_PATH}/Podfile.lock\" \"${PODS_ROOT}/Manifest.lock\" > /dev/null\nif [ $? != 0 ] ; then\n    # print error to STDERR\n    echo \"error: The sandbox is not in sync with the Podfile.lock. Run 'pod install' or update your CocoaPods installation.\" >&2\n    exit 1\nfi\n# This output is used by Xcode 'outputs' to avoid re-running this script phase.\necho \"SUCCESS\" > \"${SCRIPT_OUTPUT_FILE_0}\"\n";
			showEnvVarsInLog = 0;
		};
		1C4A0961627A4DBEF7091B04 /* [CP] Embed Pods Frameworks */ = {
			isa = PBXShellScriptBuildPhase;
			buildActionMask = 2147483647;
			files = (
			);
			inputFileListPaths = (
				"${PODS_ROOT}/Target Support Files/Pods-patient-app/Pods-patient-app-frameworks-${CONFIGURATION}-input-files.xcfilelist",
			);
			name = "[CP] Embed Pods Frameworks";
			outputFileListPaths = (
				"${PODS_ROOT}/Target Support Files/Pods-patient-app/Pods-patient-app-frameworks-${CONFIGURATION}-output-files.xcfilelist",
			);
			runOnlyForDeploymentPostprocessing = 0;
			shellPath = /bin/sh;
			shellScript = "\"${PODS_ROOT}/Target Support Files/Pods-patient-app/Pods-patient-app-frameworks.sh\"\n";
			showEnvVarsInLog = 0;
		};
/* End PBXShellScriptBuildPhase section */

/* Begin PBXSourcesBuildPhase section */
		4F1FB04622A83BA600B1FF2D /* Sources */ = {
			isa = PBXSourcesBuildPhase;
			buildActionMask = 2147483647;
			files = (
				4F1FB07322A87A3C00B1FF2D /* DataSharingRequestViewController.swift in Sources */,
				4F1FB05022A83BA600B1FF2D /* DataOverviewViewController.swift in Sources */,
				4F1FB06822A84F3B00B1FF2D /* QRCodeScannerViewController.swift in Sources */,
				4FE7AA4922A8D71700F47373 /* DBHandler.swift in Sources */,
				4F1FB04E22A83BA600B1FF2D /* AppDelegate.swift in Sources */,
				4FE7AA4A22A8D71700F47373 /* HeathData.swift in Sources */,
				4F1FB07722A8842F00B1FF2D /* UIViewController+Extensions.swift in Sources */,
				4FE7AA5022A8DF1800F47373 /* SharingEventCell.swift in Sources */,
				4F1FB07022A85D5600B1FF2D /* HistoryViewController.swift in Sources */,
				4FE7AA4C22A8D80900F47373 /* SharingEvent.swift in Sources */,
				4F1FB06022A847D800B1FF2D /* MenuTableViewController.swift in Sources */,
				4F1FB06A22A85CF200B1FF2D /* SharingViewController.swift in Sources */,
			);
			runOnlyForDeploymentPostprocessing = 0;
		};
/* End PBXSourcesBuildPhase section */

/* Begin PBXVariantGroup section */
		4F1FB05122A83BA600B1FF2D /* Main.storyboard */ = {
			isa = PBXVariantGroup;
			children = (
				4F1FB05222A83BA600B1FF2D /* Base */,
			);
			name = Main.storyboard;
			sourceTree = "<group>";
		};
		4F1FB05622A83BA700B1FF2D /* LaunchScreen.storyboard */ = {
			isa = PBXVariantGroup;
			children = (
				4F1FB05722A83BA700B1FF2D /* Base */,
			);
			name = LaunchScreen.storyboard;
			sourceTree = "<group>";
		};
/* End PBXVariantGroup section */

/* Begin XCBuildConfiguration section */
		4F1FB05A22A83BA700B1FF2D /* Debug */ = {
			isa = XCBuildConfiguration;
			buildSettings = {
				ALWAYS_SEARCH_USER_PATHS = NO;
				CLANG_ANALYZER_NONNULL = YES;
				CLANG_ANALYZER_NUMBER_OBJECT_CONVERSION = YES_AGGRESSIVE;
				CLANG_CXX_LANGUAGE_STANDARD = "gnu++14";
				CLANG_CXX_LIBRARY = "libc++";
				CLANG_ENABLE_MODULES = YES;
				CLANG_ENABLE_OBJC_ARC = YES;
				CLANG_ENABLE_OBJC_WEAK = YES;
				CLANG_WARN_BLOCK_CAPTURE_AUTORELEASING = YES;
				CLANG_WARN_BOOL_CONVERSION = YES;
				CLANG_WARN_COMMA = YES;
				CLANG_WARN_CONSTANT_CONVERSION = YES;
				CLANG_WARN_DEPRECATED_OBJC_IMPLEMENTATIONS = YES;
				CLANG_WARN_DIRECT_OBJC_ISA_USAGE = YES_ERROR;
				CLANG_WARN_DOCUMENTATION_COMMENTS = YES;
				CLANG_WARN_EMPTY_BODY = YES;
				CLANG_WARN_ENUM_CONVERSION = YES;
				CLANG_WARN_INFINITE_RECURSION = YES;
				CLANG_WARN_INT_CONVERSION = YES;
				CLANG_WARN_NON_LITERAL_NULL_CONVERSION = YES;
				CLANG_WARN_OBJC_IMPLICIT_RETAIN_SELF = YES;
				CLANG_WARN_OBJC_LITERAL_CONVERSION = YES;
				CLANG_WARN_OBJC_ROOT_CLASS = YES_ERROR;
				CLANG_WARN_RANGE_LOOP_ANALYSIS = YES;
				CLANG_WARN_STRICT_PROTOTYPES = YES;
				CLANG_WARN_SUSPICIOUS_MOVE = YES;
				CLANG_WARN_UNGUARDED_AVAILABILITY = YES_AGGRESSIVE;
				CLANG_WARN_UNREACHABLE_CODE = YES;
				CLANG_WARN__DUPLICATE_METHOD_MATCH = YES;
				CODE_SIGN_IDENTITY = "iPhone Developer";
				COPY_PHASE_STRIP = NO;
				DEBUG_INFORMATION_FORMAT = dwarf;
				ENABLE_STRICT_OBJC_MSGSEND = YES;
				ENABLE_TESTABILITY = YES;
				GCC_C_LANGUAGE_STANDARD = gnu11;
				GCC_DYNAMIC_NO_PIC = NO;
				GCC_NO_COMMON_BLOCKS = YES;
				GCC_OPTIMIZATION_LEVEL = 0;
				GCC_PREPROCESSOR_DEFINITIONS = (
					"DEBUG=1",
					"$(inherited)",
				);
				GCC_WARN_64_TO_32_BIT_CONVERSION = YES;
				GCC_WARN_ABOUT_RETURN_TYPE = YES_ERROR;
				GCC_WARN_UNDECLARED_SELECTOR = YES;
				GCC_WARN_UNINITIALIZED_AUTOS = YES_AGGRESSIVE;
				GCC_WARN_UNUSED_FUNCTION = YES;
				GCC_WARN_UNUSED_VARIABLE = YES;
				IPHONEOS_DEPLOYMENT_TARGET = 12.2;
				MTL_ENABLE_DEBUG_INFO = INCLUDE_SOURCE;
				MTL_FAST_MATH = YES;
				ONLY_ACTIVE_ARCH = YES;
				SDKROOT = iphoneos;
				SWIFT_ACTIVE_COMPILATION_CONDITIONS = DEBUG;
				SWIFT_OPTIMIZATION_LEVEL = "-Onone";
			};
			name = Debug;
		};
		4F1FB05B22A83BA700B1FF2D /* Release */ = {
			isa = XCBuildConfiguration;
			buildSettings = {
				ALWAYS_SEARCH_USER_PATHS = NO;
				CLANG_ANALYZER_NONNULL = YES;
				CLANG_ANALYZER_NUMBER_OBJECT_CONVERSION = YES_AGGRESSIVE;
				CLANG_CXX_LANGUAGE_STANDARD = "gnu++14";
				CLANG_CXX_LIBRARY = "libc++";
				CLANG_ENABLE_MODULES = YES;
				CLANG_ENABLE_OBJC_ARC = YES;
				CLANG_ENABLE_OBJC_WEAK = YES;
				CLANG_WARN_BLOCK_CAPTURE_AUTORELEASING = YES;
				CLANG_WARN_BOOL_CONVERSION = YES;
				CLANG_WARN_COMMA = YES;
				CLANG_WARN_CONSTANT_CONVERSION = YES;
				CLANG_WARN_DEPRECATED_OBJC_IMPLEMENTATIONS = YES;
				CLANG_WARN_DIRECT_OBJC_ISA_USAGE = YES_ERROR;
				CLANG_WARN_DOCUMENTATION_COMMENTS = YES;
				CLANG_WARN_EMPTY_BODY = YES;
				CLANG_WARN_ENUM_CONVERSION = YES;
				CLANG_WARN_INFINITE_RECURSION = YES;
				CLANG_WARN_INT_CONVERSION = YES;
				CLANG_WARN_NON_LITERAL_NULL_CONVERSION = YES;
				CLANG_WARN_OBJC_IMPLICIT_RETAIN_SELF = YES;
				CLANG_WARN_OBJC_LITERAL_CONVERSION = YES;
				CLANG_WARN_OBJC_ROOT_CLASS = YES_ERROR;
				CLANG_WARN_RANGE_LOOP_ANALYSIS = YES;
				CLANG_WARN_STRICT_PROTOTYPES = YES;
				CLANG_WARN_SUSPICIOUS_MOVE = YES;
				CLANG_WARN_UNGUARDED_AVAILABILITY = YES_AGGRESSIVE;
				CLANG_WARN_UNREACHABLE_CODE = YES;
				CLANG_WARN__DUPLICATE_METHOD_MATCH = YES;
				CODE_SIGN_IDENTITY = "iPhone Developer";
				COPY_PHASE_STRIP = NO;
				DEBUG_INFORMATION_FORMAT = "dwarf-with-dsym";
				ENABLE_NS_ASSERTIONS = NO;
				ENABLE_STRICT_OBJC_MSGSEND = YES;
				GCC_C_LANGUAGE_STANDARD = gnu11;
				GCC_NO_COMMON_BLOCKS = YES;
				GCC_WARN_64_TO_32_BIT_CONVERSION = YES;
				GCC_WARN_ABOUT_RETURN_TYPE = YES_ERROR;
				GCC_WARN_UNDECLARED_SELECTOR = YES;
				GCC_WARN_UNINITIALIZED_AUTOS = YES_AGGRESSIVE;
				GCC_WARN_UNUSED_FUNCTION = YES;
				GCC_WARN_UNUSED_VARIABLE = YES;
				IPHONEOS_DEPLOYMENT_TARGET = 12.2;
				MTL_ENABLE_DEBUG_INFO = NO;
				MTL_FAST_MATH = YES;
				SDKROOT = iphoneos;
				SWIFT_COMPILATION_MODE = wholemodule;
				SWIFT_OPTIMIZATION_LEVEL = "-O";
				VALIDATE_PRODUCT = YES;
			};
			name = Release;
		};
		4F1FB05D22A83BA700B1FF2D /* Debug */ = {
			isa = XCBuildConfiguration;
			baseConfigurationReference = B490E18BE030FC3EDC574288 /* Pods-patient-app.debug.xcconfig */;
			buildSettings = {
				ASSETCATALOG_COMPILER_APPICON_NAME = AppIcon;
				CODE_SIGN_STYLE = Automatic;
				DEVELOPMENT_TEAM = AY9GY8556J;
				INFOPLIST_FILE = "patient-app/Info.plist";
				LD_RUNPATH_SEARCH_PATHS = (
					"$(inherited)",
					"@executable_path/Frameworks",
				);
				PRODUCT_BUNDLE_IDENTIFIER = "com.elliottbrunet.patient-app";
				PRODUCT_NAME = "$(TARGET_NAME)";
				SWIFT_VERSION = 5.0;
				TARGETED_DEVICE_FAMILY = "1,2";
			};
			name = Debug;
		};
		4F1FB05E22A83BA700B1FF2D /* Release */ = {
			isa = XCBuildConfiguration;
			baseConfigurationReference = 624CF34F2BE15D6D95075EA9 /* Pods-patient-app.release.xcconfig */;
			buildSettings = {
				ASSETCATALOG_COMPILER_APPICON_NAME = AppIcon;
				CODE_SIGN_STYLE = Automatic;
				DEVELOPMENT_TEAM = AY9GY8556J;
				INFOPLIST_FILE = "patient-app/Info.plist";
				LD_RUNPATH_SEARCH_PATHS = (
					"$(inherited)",
					"@executable_path/Frameworks",
				);
				PRODUCT_BUNDLE_IDENTIFIER = "com.elliottbrunet.patient-app";
				PRODUCT_NAME = "$(TARGET_NAME)";
				SWIFT_VERSION = 5.0;
				TARGETED_DEVICE_FAMILY = "1,2";
			};
			name = Release;
		};
/* End XCBuildConfiguration section */

/* Begin XCConfigurationList section */
		4F1FB04522A83BA600B1FF2D /* Build configuration list for PBXProject "patient-app" */ = {
			isa = XCConfigurationList;
			buildConfigurations = (
				4F1FB05A22A83BA700B1FF2D /* Debug */,
				4F1FB05B22A83BA700B1FF2D /* Release */,
			);
			defaultConfigurationIsVisible = 0;
			defaultConfigurationName = Release;
		};
		4F1FB05C22A83BA700B1FF2D /* Build configuration list for PBXNativeTarget "patient-app" */ = {
			isa = XCConfigurationList;
			buildConfigurations = (
				4F1FB05D22A83BA700B1FF2D /* Debug */,
				4F1FB05E22A83BA700B1FF2D /* Release */,
			);
			defaultConfigurationIsVisible = 0;
			defaultConfigurationName = Release;
		};
/* End XCConfigurationList section */
	};
	rootObject = 4F1FB04222A83BA600B1FF2D /* Project object */;
}
